// !$*UTF8*$!
{
	archiveVersion = 1;
	classes = {
	};
	objectVersion = 50;
	objects = {

/* Begin PBXBuildFile section */
		F348E4DB2283D870003691E8 /* main.cpp in Sources */ = {isa = PBXBuildFile; fileRef = F348E4DA2283D870003691E8 /* main.cpp */; };
		F348E4E32283D912003691E8 /* OpenGL.framework in Frameworks */ = {isa = PBXBuildFile; fileRef = F348E4E22283D912003691E8 /* OpenGL.framework */; };
		F348F2B42283DF95003691E8 /* libGLEW.2.1.0.dylib in Frameworks */ = {isa = PBXBuildFile; fileRef = F348F2B32283DF95003691E8 /* libGLEW.2.1.0.dylib */; };
		F348F2B62283DFA3003691E8 /* libglfw.3.3.dylib in Frameworks */ = {isa = PBXBuildFile; fileRef = F348F2B52283DFA3003691E8 /* libglfw.3.3.dylib */; };
		F348F2B82283DFB7003691E8 /* libgltools.dylib in Frameworks */ = {isa = PBXBuildFile; fileRef = F348F2B72283DFB7003691E8 /* libgltools.dylib */; };
/* End PBXBuildFile section */

/* Begin PBXCopyFilesBuildPhase section */
		F348E4D52283D870003691E8 /* CopyFiles */ = {
			isa = PBXCopyFilesBuildPhase;
			buildActionMask = 2147483647;
			dstPath = /usr/share/man/man1/;
			dstSubfolderSpec = 0;
			files = (
			);
			runOnlyForDeploymentPostprocessing = 1;
		};
/* End PBXCopyFilesBuildPhase section */

/* Begin PBXFileReference section */
		F348E4D72283D870003691E8 /* OpenGLtemplate */ = {isa = PBXFileReference; explicitFileType = "compiled.mach-o.executable"; includeInIndex = 0; path = OpenGLtemplate; sourceTree = BUILT_PRODUCTS_DIR; };
		F348E4DA2283D870003691E8 /* main.cpp */ = {isa = PBXFileReference; lastKnownFileType = sourcecode.cpp.cpp; path = main.cpp; sourceTree = "<group>"; };
		F348E4E22283D912003691E8 /* OpenGL.framework */ = {isa = PBXFileReference; lastKnownFileType = wrapper.framework; name = OpenGL.framework; path = System/Library/Frameworks/OpenGL.framework; sourceTree = SDKROOT; };
		F348F2B32283DF95003691E8 /* libGLEW.2.1.0.dylib */ = {isa = PBXFileReference; lastKnownFileType = "compiled.mach-o.dylib"; name = libGLEW.2.1.0.dylib; path = ../../../../../usr/local/Cellar/glew/2.1.0/lib/libGLEW.2.1.0.dylib; sourceTree = "<group>"; };
		F348F2B52283DFA3003691E8 /* libglfw.3.3.dylib */ = {isa = PBXFileReference; lastKnownFileType = "compiled.mach-o.dylib"; name = libglfw.3.3.dylib; path = ../../../../../usr/local/Cellar/glfw/3.3/lib/libglfw.3.3.dylib; sourceTree = "<group>"; };
		F348F2B72283DFB7003691E8 /* libgltools.dylib */ = {isa = PBXFileReference; lastKnownFileType = "compiled.mach-o.dylib"; name = libgltools.dylib; path = ../../../../../usr/local/lib/libgltools.dylib; sourceTree = "<group>"; };
/* End PBXFileReference section */

/* Begin PBXFrameworksBuildPhase section */
		F348E4D42283D870003691E8 /* Frameworks */ = {
			isa = PBXFrameworksBuildPhase;
			buildActionMask = 2147483647;
			files = (
				F348F2B62283DFA3003691E8 /* libglfw.3.3.dylib in Frameworks */,
				F348F2B82283DFB7003691E8 /* libgltools.dylib in Frameworks */,
				F348F2B42283DF95003691E8 /* libGLEW.2.1.0.dylib in Frameworks */,
				F348E4E32283D912003691E8 /* OpenGL.framework in Frameworks */,
			);
			runOnlyForDeploymentPostprocessing = 0;
		};
/* End PBXFrameworksBuildPhase section */

/* Begin PBXGroup section */
		F348E4CE2283D870003691E8 = {
			isa = PBXGroup;
			children = (
				F348E4D92283D870003691E8 /* OpenGLtemplate */,
				F348E4D82283D870003691E8 /* Products */,
				F348E4E12283D912003691E8 /* Frameworks */,
			);
			sourceTree = "<group>";
		};
		F348E4D82283D870003691E8 /* Products */ = {
			isa = PBXGroup;
			children = (
				F348E4D72283D870003691E8 /* OpenGLtemplate */,
			);
			name = Products;
			sourceTree = "<group>";
		};
		F348E4D92283D870003691E8 /* OpenGLtemplate */ = {
			isa = PBXGroup;
			children = (
				F348F2B32283DF95003691E8 /* libGLEW.2.1.0.dylib */,
				F348E4DA2283D870003691E8 /* main.cpp */,
				F348F2B52283DFA3003691E8 /* libglfw.3.3.dylib */,
				F348F2B72283DFB7003691E8 /* libgltools.dylib */,
			);
			path = OpenGLtemplate;
			sourceTree = "<group>";
		};
		F348E4E12283D912003691E8 /* Frameworks */ = {
			isa = PBXGroup;
			children = (
				F348E4E22283D912003691E8 /* OpenGL.framework */,
			);
			name = Frameworks;
			sourceTree = "<group>";
		};
/* End PBXGroup section */

/* Begin PBXNativeTarget section */
		F348E4D62283D870003691E8 /* OpenGLtemplate */ = {
			isa = PBXNativeTarget;
			buildConfigurationList = F348E4DE2283D870003691E8 /* Build configuration list for PBXNativeTarget "OpenGLtemplate" */;
			buildPhases = (
				F348E4D32283D870003691E8 /* Sources */,
				F348E4D42283D870003691E8 /* Frameworks */,
				F348E4D52283D870003691E8 /* CopyFiles */,
			);
			buildRules = (
			);
			dependencies = (
			);
			name = OpenGLtemplate;
			productName = OpenGLtemplate;
			productReference = F348E4D72283D870003691E8 /* OpenGLtemplate */;
			productType = "com.apple.product-type.tool";
		};
/* End PBXNativeTarget section */

/* Begin PBXProject section */
		F348E4CF2283D870003691E8 /* Project object */ = {
			isa = PBXProject;
			attributes = {
				LastUpgradeCheck = 1020;
				ORGANIZATIONNAME = "许若芃";
				TargetAttributes = {
					F348E4D62283D870003691E8 = {
						CreatedOnToolsVersion = 10.2.1;
					};
				};
			};
			buildConfigurationList = F348E4D22283D870003691E8 /* Build configuration list for PBXProject "OpenGLtemplate" */;
			compatibilityVersion = "Xcode 9.3";
			developmentRegion = en;
			hasScannedForEncodings = 0;
			knownRegions = (
				en,
			);
			mainGroup = F348E4CE2283D870003691E8;
			productRefGroup = F348E4D82283D870003691E8 /* Products */;
			projectDirPath = "";
			projectRoot = "";
			targets = (
				F348E4D62283D870003691E8 /* OpenGLtemplate */,
			);
		};
/* End PBXProject section */

/* Begin PBXSourcesBuildPhase section */
		F348E4D32283D870003691E8 /* Sources */ = {
			isa = PBXSourcesBuildPhase;
			buildActionMask = 2147483647;
			files = (
				F348E4DB2283D870003691E8 /* main.cpp in Sources */,
			);
			runOnlyForDeploymentPostprocessing = 0;
		};
/* End PBXSourcesBuildPhase section */

/* Begin XCBuildConfiguration section */
		F348E4DC2283D870003691E8 /* Debug */ = {
			isa = XCBuildConfiguration;
			buildSettings = {
				ALWAYS_SEARCH_USER_PATHS = NO;
				CLANG_ANALYZER_NONNULL = YES;
				CLANG_ANALYZER_NUMBER_OBJECT_CONVERSION = YES_AGGRESSIVE;
				CLANG_CXX_LANGUAGE_STANDARD = "gnu++14";
				CLANG_CXX_LIBRARY = "libc++";
				CLANG_ENABLE_MODULES = YES;
				CLANG_ENABLE_OBJC_ARC = YES;
				CLANG_ENABLE_OBJC_WEAK = YES;
				CLANG_WARN_BLOCK_CAPTURE_AUTORELEASING = YES;
				CLANG_WARN_BOOL_CONVERSION = YES;
				CLANG_WARN_COMMA = YES;
				CLANG_WARN_CONSTANT_CONVERSION = YES;
				CLANG_WARN_DEPRECATED_OBJC_IMPLEMENTATIONS = YES;
				CLANG_WARN_DIRECT_OBJC_ISA_USAGE = YES_ERROR;
				CLANG_WARN_DOCUMENTATION_COMMENTS = YES;
				CLANG_WARN_EMPTY_BODY = YES;
				CLANG_WARN_ENUM_CONVERSION = YES;
				CLANG_WARN_INFINITE_RECURSION = YES;
				CLANG_WARN_INT_CONVERSION = YES;
				CLANG_WARN_NON_LITERAL_NULL_CONVERSION = YES;
				CLANG_WARN_OBJC_IMPLICIT_RETAIN_SELF = YES;
				CLANG_WARN_OBJC_LITERAL_CONVERSION = YES;
				CLANG_WARN_OBJC_ROOT_CLASS = YES_ERROR;
				CLANG_WARN_RANGE_LOOP_ANALYSIS = YES;
				CLANG_WARN_STRICT_PROTOTYPES = YES;
				CLANG_WARN_SUSPICIOUS_MOVE = YES;
				CLANG_WARN_UNGUARDED_AVAILABILITY = YES_AGGRESSIVE;
				CLANG_WARN_UNREACHABLE_CODE = YES;
				CLANG_WARN__DUPLICATE_METHOD_MATCH = YES;
				CODE_SIGN_IDENTITY = "-";
				COPY_PHASE_STRIP = NO;
				DEBUG_INFORMATION_FORMAT = dwarf;
				ENABLE_STRICT_OBJC_MSGSEND = YES;
				ENABLE_TESTABILITY = YES;
				GCC_C_LANGUAGE_STANDARD = gnu11;
				GCC_DYNAMIC_NO_PIC = NO;
				GCC_NO_COMMON_BLOCKS = YES;
				GCC_OPTIMIZATION_LEVEL = 0;
				GCC_PREPROCESSOR_DEFINITIONS = (
					"DEBUG=1",
					"$(inherited)",
				);
				GCC_WARN_64_TO_32_BIT_CONVERSION = YES;
				GCC_WARN_ABOUT_RETURN_TYPE = YES_ERROR;
				GCC_WARN_UNDECLARED_SELECTOR = YES;
				GCC_WARN_UNINITIALIZED_AUTOS = YES_AGGRESSIVE;
				GCC_WARN_UNUSED_FUNCTION = YES;
				GCC_WARN_UNUSED_VARIABLE = YES;
				MACOSX_DEPLOYMENT_TARGET = 10.14;
				MTL_ENABLE_DEBUG_INFO = INCLUDE_SOURCE;
				MTL_FAST_MATH = YES;
				ONLY_ACTIVE_ARCH = YES;
				SDKROOT = macosx;
			};
			name = Debug;
		};
		F348E4DD2283D870003691E8 /* Release */ = {
			isa = XCBuildConfiguration;
			buildSettings = {
				ALWAYS_SEARCH_USER_PATHS = NO;
				CLANG_ANALYZER_NONNULL = YES;
				CLANG_ANALYZER_NUMBER_OBJECT_CONVERSION = YES_AGGRESSIVE;
				CLANG_CXX_LANGUAGE_STANDARD = "gnu++14";
				CLANG_CXX_LIBRARY = "libc++";
				CLANG_ENABLE_MODULES = YES;
				CLANG_ENABLE_OBJC_ARC = YES;
				CLANG_ENABLE_OBJC_WEAK = YES;
				CLANG_WARN_BLOCK_CAPTURE_AUTORELEASING = YES;
				CLANG_WARN_BOOL_CONVERSION = YES;
				CLANG_WARN_COMMA = YES;
				CLANG_WARN_CONSTANT_CONVERSION = YES;
				CLANG_WARN_DEPRECATED_OBJC_IMPLEMENTATIONS = YES;
				CLANG_WARN_DIRECT_OBJC_ISA_USAGE = YES_ERROR;
				CLANG_WARN_DOCUMENTATION_COMMENTS = YES;
				CLANG_WARN_EMPTY_BODY = YES;
				CLANG_WARN_ENUM_CONVERSION = YES;
				CLANG_WARN_INFINITE_RECURSION = YES;
				CLANG_WARN_INT_CONVERSION = YES;
				CLANG_WARN_NON_LITERAL_NULL_CONVERSION = YES;
				CLANG_WARN_OBJC_IMPLICIT_RETAIN_SELF = YES;
				CLANG_WARN_OBJC_LITERAL_CONVERSION = YES;
				CLANG_WARN_OBJC_ROOT_CLASS = YES_ERROR;
				CLANG_WARN_RANGE_LOOP_ANALYSIS = YES;
				CLANG_WARN_STRICT_PROTOTYPES = YES;
				CLANG_WARN_SUSPICIOUS_MOVE = YES;
				CLANG_WARN_UNGUARDED_AVAILABILITY = YES_AGGRESSIVE;
				CLANG_WARN_UNREACHABLE_CODE = YES;
				CLANG_WARN__DUPLICATE_METHOD_MATCH = YES;
				CODE_SIGN_IDENTITY = "-";
				COPY_PHASE_STRIP = NO;
				DEBUG_INFORMATION_FORMAT = "dwarf-with-dsym";
				ENABLE_NS_ASSERTIONS = NO;
				ENABLE_STRICT_OBJC_MSGSEND = YES;
				GCC_C_LANGUAGE_STANDARD = gnu11;
				GCC_NO_COMMON_BLOCKS = YES;
				GCC_WARN_64_TO_32_BIT_CONVERSION = YES;
				GCC_WARN_ABOUT_RETURN_TYPE = YES_ERROR;
				GCC_WARN_UNDECLARED_SELECTOR = YES;
				GCC_WARN_UNINITIALIZED_AUTOS = YES_AGGRESSIVE;
				GCC_WARN_UNUSED_FUNCTION = YES;
				GCC_WARN_UNUSED_VARIABLE = YES;
				MACOSX_DEPLOYMENT_TARGET = 10.14;
				MTL_ENABLE_DEBUG_INFO = NO;
				MTL_FAST_MATH = YES;
				SDKROOT = macosx;
			};
			name = Release;
		};
		F348E4DF2283D870003691E8 /* Debug */ = {
			isa = XCBuildConfiguration;
			buildSettings = {
				CODE_SIGN_STYLE = Automatic;
				HEADER_SEARCH_PATHS = (
					"$(glew_header)",
					"$(glfw_header)",
					"$(gltool_header)",
				);
				LIBRARY_SEARCH_PATHS = (
					"$(glew_lib)",
					"$(glfw_lib)",
					"$(gltool_lib)",
					/usr/local/Cellar/glew/2.1.0/lib,
					/usr/local/Cellar/glfw/3.3/lib,
				);
				PRODUCT_NAME = "$(TARGET_NAME)";
			};
			name = Debug;
		};
		F348E4E02283D870003691E8 /* Release */ = {
			isa = XCBuildConfiguration;
			buildSettings = {
				CODE_SIGN_STYLE = Automatic;
				HEADER_SEARCH_PATHS = (
					"$(glew_header)",
					"$(glfw_header)",
					"$(gltool_header)",
				);
				LIBRARY_SEARCH_PATHS = (
					"$(glew_lib)",
					"$(glfw_lib)",
					"$(gltool_lib)",
					/usr/local/Cellar/glew/2.1.0/lib,
					/usr/local/Cellar/glfw/3.3/lib,
				);
				PRODUCT_NAME = "$(TARGET_NAME)";
			};
			name = Release;
		};
/* End XCBuildConfiguration section */

/* Begin XCConfigurationList section */
		F348E4D22283D870003691E8 /* Build configuration list for PBXProject "OpenGLtemplate" */ = {
			isa = XCConfigurationList;
			buildConfigurations = (
				F348E4DC2283D870003691E8 /* Debug */,
				F348E4DD2283D870003691E8 /* Release */,
			);
			defaultConfigurationIsVisible = 0;
			defaultConfigurationName = Release;
		};
		F348E4DE2283D870003691E8 /* Build configuration list for PBXNativeTarget "OpenGLtemplate" */ = {
			isa = XCConfigurationList;
			buildConfigurations = (
				F348E4DF2283D870003691E8 /* Debug */,
				F348E4E02283D870003691E8 /* Release */,
			);
			defaultConfigurationIsVisible = 0;
			defaultConfigurationName = Release;
		};
/* End XCConfigurationList section */
	};
	rootObject = F348E4CF2283D870003691E8 /* Project object */;
}
